
Microsoft Visual Studio Solution File, Format Version 12.00
# Visual Studio Version 16
VisualStudioVersion = 16.0.30330.147
MinimumVisualStudioVersion = 10.0.40219.1
Project("{FAE04EC0-301F-11D3-BF4B-00C04F79EFBC}") = "Lab3Variant10", "Lab3Variant10\Lab3Variant10.csproj", "{3E3739AE-D2FA-4D85-AB34-92B3FA69D654}"
EndProject
Project("{FAE04EC0-301F-11D3-BF4B-00C04F79EFBC}") = "Lab3Variant10.Tests", "Lab3Variant10.Tests\Lab3Variant10.Tests.csproj", "{6A27B511-F4E2-4004-9B39-7F0B0CD9FC09}"
EndProject
Global
	GlobalSection(SolutionConfigurationPlatforms) = preSolution
		Debug|Any CPU = Debug|Any CPU
		Release|Any CPU = Release|Any CPU
	EndGlobalSection
	GlobalSection(ProjectConfigurationPlatforms) = postSolution
		{3E3739AE-D2FA-4D85-AB34-92B3FA69D654}.Debug|Any CPU.ActiveCfg = Debug|Any CPU
		{3E3739AE-D2FA-4D85-AB34-92B3FA69D654}.Debug|Any CPU.Build.0 = Debug|Any CPU
		{3E3739AE-D2FA-4D85-AB34-92B3FA69D654}.Release|Any CPU.ActiveCfg = Release|Any CPU
		{3E3739AE-D2FA-4D85-AB34-92B3FA69D654}.Release|Any CPU.Build.0 = Release|Any CPU
		{6A27B511-F4E2-4004-9B39-7F0B0CD9FC09}.Debug|Any CPU.ActiveCfg = Debug|Any CPU
		{6A27B511-F4E2-4004-9B39-7F0B0CD9FC09}.Debug|Any CPU.Build.0 = Debug|Any CPU
		{6A27B511-F4E2-4004-9B39-7F0B0CD9FC09}.Release|Any CPU.ActiveCfg = Release|Any CPU
		{6A27B511-F4E2-4004-9B39-7F0B0CD9FC09}.Release|Any CPU.Build.0 = Release|Any CPU
	EndGlobalSection
	GlobalSection(SolutionProperties) = preSolution
		HideSolutionNode = FALSE
	EndGlobalSection
	GlobalSection(ExtensibilityGlobals) = postSolution
		SolutionGuid = {5BB07A02-7D91-401B-81B4-72EC32FC7C78}
	EndGlobalSection
EndGlobal
